<?xml version="1.0" encoding="UTF-8" standalone="yes" ?>
<CodeBlocks_project_file>
	<FileVersion major="1" minor="6" />
	<Project>
		<Option title="lib" />
		<Option pch_mode="2" />
		<Option compiler="gfortran" />
		<Build>
			<Target title="Debug">
				<Option output="../../bin/Debug/lib" prefix_auto="1" extension_auto="1" />
				<Option working_dir="" />
				<Option object_output="../../obj/Debug" />
				<Option type="2" />
				<Option compiler="gfortran" />
				<Option createDefFile="1" />
				<Compiler>
					<Add option="-Wall" />
					<Add option="-g" />
				</Compiler>
			</Target>
		</Build>
		<Unit filename="config.f90">
			<Option weight="1" />
		</Unit>
		<Unit filename="flin.f90">
			<Option weight="1" />
		</Unit>
		<Unit filename="max_.f90">
			<Option weight="0" />
		</Unit>
		<Unit filename="misc.f90">
			<Option weight="0" />
		</Unit>
		<Unit filename="misc_math.f90">
			<Option weight="0" />
		</Unit>
		<Unit filename="options2.f90">
			<Option weight="0" />
		</Unit>
		<Unit filename="welcome.f90">
			<Option weight="0" />
		</Unit>
		<Extensions>
			<envvars />
			<code_completion />
			<debugger />
			<lib_finder disable_auto="1" />
		</Extensions>
	</Project>
</CodeBlocks_project_file>
