<?xml version="1.0" encoding="UTF-8" standalone="yes" ?>
<CodeBlocks_project_file>
	<FileVersion major="1" minor="6" />
	<Project>
		<Option title="main" />
		<Option pch_mode="2" />
		<Option compiler="gfortran" />
		<Build>
			<Target title="Debug">
				<Option output="bin/Debug/pfant" prefix_auto="1" extension_auto="1" />
				<Option object_output="obj/Debug/" />
				<Option type="1" />
				<Option compiler="gfortran" />
				<Option parameters='--inputdir &quot;../inputfiles/bwf1&quot; --loglevel debug --fn_atomgrade atom4070g.dat --fn_moleculagrade mghc2cnr_cn3ch13chtiog3tio.dat --fn_absoru2 absoru.dat' />
				<Compiler>
					<Add option="-g" />
				</Compiler>
			</Target>
			<Target title="Release">
				<Option output="bin/Release/pfant" prefix_auto="1" extension_auto="1" />
				<Option object_output="obj/Release/" />
				<Option type="1" />
				<Option compiler="gfortran" />
				<Option use_console_runner="0" />
				<Compiler>
					<Add option="-O2" />
				</Compiler>
				<Linker>
					<Add option="-s" />
				</Linker>
			</Target>
		</Build>
		<Compiler>
			<Add option="-Wall" />
		</Compiler>
		<Unit filename="absoru.f90">
			<Option weight="2" />
		</Unit>
		<Unit filename="absoru_data.f">
			<Option weight="0" />
		</Unit>
		<Unit filename="atomgrade.f90">
			<Option weight="2" />
		</Unit>
		<Unit filename="config.f90">
			<Option weight="1" />
		</Unit>
		<Unit filename="dissoc.f90">
			<Option weight="2" />
		</Unit>
		<Unit filename="filetoh.f90">
			<Option weight="2" />
		</Unit>
		<Unit filename="flin.f90">
			<Option weight="2" />
		</Unit>
		<Unit filename="logging.f90">
			<Option weight="0" />
		</Unit>
		<Unit filename="main.cbp" />
		<Unit filename="misc.f90">
			<Option weight="0" />
		</Unit>
		<Unit filename="misc_math.f90">
			<Option weight="1" />
		</Unit>
		<Unit filename="molecules.f90">
			<Option weight="3" />
		</Unit>
		<Unit filename="nulbad.f90">
			<Option weight="3" />
		</Unit>
		<Unit filename="options2.f90">
			<Option weight="0" />
		</Unit>
		<Unit filename="pfant.f90">
			<Option weight="5" />
		</Unit>
		<Unit filename="read_most_files.f90">
			<Option weight="1" />
		</Unit>
		<Unit filename="synthesis.f90">
			<Option weight="4" />
		</Unit>
		<Extensions>
			<envvars />
			<code_completion />
			<debugger />
			<lib_finder disable_auto="1" />
		</Extensions>
	</Project>
</CodeBlocks_project_file>
