<?xml version="1.0" encoding="UTF-8" standalone="yes" ?>
<CodeBlocks_project_file>
	<FileVersion major="1" minor="6" />
	<Project>
		<Option title="PFANT suite (Linux)" />
		<Option makefile="makefile_linux" />
		<Option pch_mode="2" />
		<Option compiler="gfortran" />
		<Build>
			<Target title="pfant">
				<Option output="bin/pfant" prefix_auto="1" extension_auto="1" />
				<Option object_output="obj-linux/" />
				<Option type="1" />
				<Option compiler="gfortran" />
				<Compiler>
					<Add option="-O2" />
				</Compiler>
				<Linker>
					<Add option="-s" />
				</Linker>
			</Target>
			<Target title="nulbad">
				<Option output="bin/nulbad" prefix_auto="1" extension_auto="1" />
				<Option object_output="obj-linux/" />
				<Option type="1" />
				<Option compiler="gfortran" />
				<Compiler>
					<Add option="-O2" />
				</Compiler>
				<Linker>
					<Add option="-s" />
				</Linker>
			</Target>
			<Target title="innewmarcs">
				<Option output="bin/innewmarcs" prefix_auto="1" extension_auto="1" />
				<Option object_output="obj-linux/" />
				<Option type="1" />
				<Option compiler="gfortran" />
				<Compiler>
					<Add option="-O2" />
				</Compiler>
				<Linker>
					<Add option="-s" />
				</Linker>
			</Target>
			<Target title="hydro2">
				<Option output="bin/hydro2" prefix_auto="1" extension_auto="1" />
				<Option object_output="obj-linux/" />
				<Option type="1" />
				<Option compiler="gfortran" />
				<Compiler>
					<Add option="-O2" />
				</Compiler>
				<Linker>
					<Add option="-s" />
				</Linker>
			</Target>
		</Build>
		<VirtualTargets>
			<Add alias="all" targets="pfant;nulbad;innewmarcs;hydro2;" />
		</VirtualTargets>
		<Compiler>
			<Add option="-Wall" />
		</Compiler>
		<Unit filename="src/absoru.f90">
			<Option weight="4" />
		</Unit>
		<Unit filename="src/absoru_data.f">
			<Option weight="0" />
		</Unit>
		<Unit filename="src/config.f90">
			<Option weight="2" />
		</Unit>
		<Unit filename="src/dimensions.f90">
			<Option weight="0" />
		</Unit>
		<Unit filename="src/hydro2.f90">
			<Option weight="5" />
			<Option target="hydro2" />
		</Unit>
		<Unit filename="src/innewmarcs.f90">
			<Option weight="4" />
			<Option target="innewmarcs" />
		</Unit>
		<Unit filename="src/logging.f90">
			<Option weight="0" />
		</Unit>
		<Unit filename="src/misc.f90">
			<Option weight="1" />
		</Unit>
		<Unit filename="src/misc_math.f90">
			<Option weight="2" />
		</Unit>
		<Unit filename="src/nulbad.f90">
			<Option weight="4" />
			<Option target="nulbad" />
		</Unit>
		<Unit filename="src/pfant.f90">
			<Option weight="5" />
			<Option target="pfant" />
		</Unit>
		<Unit filename="src/readers.f90">
			<Option weight="3" />
		</Unit>
		<Extensions>
			<envvars />
			<code_completion />
			<debugger />
			<lib_finder disable_auto="1" />
		</Extensions>
	</Project>
</CodeBlocks_project_file>
